PODS:
  - AFNetworking (3.1.0):
    - AFNetworking/NSURLSession (= 3.1.0)
    - AFNetworking/Reachability (= 3.1.0)
    - AFNetworking/Security (= 3.1.0)
    - AFNetworking/Serialization (= 3.1.0)
    - AFNetworking/UIKit (= 3.1.0)
  - AFNetworking/NSURLSession (3.1.0):
    - AFNetworking/Reachability
    - AFNetworking/Security
    - AFNetworking/Serialization
  - AFNetworking/Reachability (3.1.0)
  - AFNetworking/Security (3.1.0)
  - AFNetworking/Serialization (3.1.0)
  - AFNetworking/UIKit (3.1.0):
    - AFNetworking/NSURLSession
  - FLKAutoLayout (0.2.1)
  - ORStackView (3.0.1):
    - FLKAutoLayout (~> 0.2)
  - SwiftyJSON (2.3.2)

DEPENDENCIES:
  - AFNetworking
  - ORStackView
  - SwiftyJSON

SPEC CHECKSUMS:
  AFNetworking: 5e0e199f73d8626b11e79750991f5d173d1f8b67
  FLKAutoLayout: 9db6b30c2008d230da608e62c607b11c23b942e6
  ORStackView: a1bb52748cd0ae29891c140baf22ff8972fb363c
  SwiftyJSON: 04ccea08915aa0109039157c7974cf0298da292a

COCOAPODS: 0.39.0
